
Microsoft Visual Studio Solution File, Format Version 12.00
# Visual Studio 14
VisualStudioVersion = 14.0.25420.1
MinimumVisualStudioVersion = 10.0.40219.1
Project("{8BC9CEB8-8B4A-11D0-8D11-00A0C91BC942}") = "CaveSegmentationLib", "CaveSegmentationLib\CaveSegmentationLib.vcxproj", "{FA3BBBFF-A6C8-4FD5-B05E-EE70FD50D402}"
	ProjectSection(ProjectDependencies) = postProject
		{ACF54EB6-8FAD-4FB5-8789-944ABD833B06} = {ACF54EB6-8FAD-4FB5-8789-944ABD833B06}
	EndProjectSection
EndProject
Project("{8BC9CEB8-8B4A-11D0-8D11-00A0C91BC942}") = "CaveSegmentationCommandLine", "CaveSegmentationCommandLine\CaveSegmentationCommandLine.vcxproj", "{83D2DF8A-3183-457A-B9E9-2D7B532C80E8}"
EndProject
Project("{8BC9CEB8-8B4A-11D0-8D11-00A0C91BC942}") = "CaveSegmentationGUI", "CaveSegmentationGUI\CaveSegmentationGUI.vcxproj", "{B12702AD-ABFB-343A-A199-8E24837244A3}"
	ProjectSection(ProjectDependencies) = postProject
		{54356F79-68E9-45FE-92FA-C3DB4D9F1E39} = {54356F79-68E9-45FE-92FA-C3DB4D9F1E39}
	EndProjectSection
EndProject
Project("{FAE04EC0-301F-11D3-BF4B-00C04F79EFBC}") = "ManualCaveSegmentationService", "ManualCaveSegmentationService\ManualCaveSegmentationService.csproj", "{A36B79BF-791B-45FF-97CA-319BE46D0FEE}"
EndProject
Project("{8BC9CEB8-8B4A-11D0-8D11-00A0C91BC942}") = "ManualCaveSegmentationGUI", "ManualCaveSegmentationGUI\ManualCaveSegmentationGUI.vcxproj", "{CAEE650F-F66E-47F5-BEE9-E815F4C51007}"
EndProject
Project("{8BC9CEB8-8B4A-11D0-8D11-00A0C91BC942}") = "MCFSkeleton", "MCFSkeleton\MCFSkeleton.vcxproj", "{ACF54EB6-8FAD-4FB5-8789-944ABD833B06}"
EndProject
Project("{8BC9CEB8-8B4A-11D0-8D11-00A0C91BC942}") = "Evaluation", "Evaluation\Evaluation.vcxproj", "{4C883782-7689-4B6E-9BC5-F773D0711D81}"
EndProject
Project("{8BC9CEB8-8B4A-11D0-8D11-00A0C91BC942}") = "PCPlot", "PCPlot\PCPlot.vcxproj", "{E5DDE082-980D-45E9-9275-0D551CBBE53C}"
EndProject
Project("{8BC9CEB8-8B4A-11D0-8D11-00A0C91BC942}") = "CaveSegmentationGUICore", "CaveSegmentationGUICore\CaveSegmentationGUICore.vcxproj", "{54356F79-68E9-45FE-92FA-C3DB4D9F1E39}"
EndProject
Project("{8BC9CEB8-8B4A-11D0-8D11-00A0C91BC942}") = "QPBO_vs14", "dependencies\QPBO-opengm\QPBO_vs14.vcxproj", "{ACCCB653-C128-47F1-9D2C-93DA46DEF6B6}"
EndProject
Project("{8BC9CEB8-8B4A-11D0-8D11-00A0C91BC942}") = "CopyDependenciesToOutput", "CopyDependenciesToOutput\CopyDependenciesToOutput.vcxproj", "{396D6EDD-CF62-4315-A64A-6DE77FF7AB86}"
EndProject
Project("{8BC9CEB8-8B4A-11D0-8D11-00A0C91BC942}") = "qhullcpp", "dependencies\qhullcpp-64.vcxproj", "{939F1F43-F252-486C-BB92-3166E44713A5}"
EndProject
Project("{8BC9CEB8-8B4A-11D0-8D11-00A0C91BC942}") = "qhullstatic", "dependencies\qhullstatic-64.vcxproj", "{F9AF9BC6-2CA5-4E0C-982B-CF7974723A0B}"
EndProject
Global
	GlobalSection(SolutionConfigurationPlatforms) = preSolution
		Debug|x64 = Debug|x64
		Debug|x86 = Debug|x86
		DebugNSight|x64 = DebugNSight|x64
		DebugNSight|x86 = DebugNSight|x86
		Release|x64 = Release|x64
		Release|x86 = Release|x86
	EndGlobalSection
	GlobalSection(ProjectConfigurationPlatforms) = postSolution
		{FA3BBBFF-A6C8-4FD5-B05E-EE70FD50D402}.Debug|x64.ActiveCfg = Debug|x64
		{FA3BBBFF-A6C8-4FD5-B05E-EE70FD50D402}.Debug|x64.Build.0 = Debug|x64
		{FA3BBBFF-A6C8-4FD5-B05E-EE70FD50D402}.Debug|x86.ActiveCfg = Debug|x64
		{FA3BBBFF-A6C8-4FD5-B05E-EE70FD50D402}.DebugNSight|x64.ActiveCfg = Debug|x64
		{FA3BBBFF-A6C8-4FD5-B05E-EE70FD50D402}.DebugNSight|x64.Build.0 = Debug|x64
		{FA3BBBFF-A6C8-4FD5-B05E-EE70FD50D402}.DebugNSight|x86.ActiveCfg = Release|x64
		{FA3BBBFF-A6C8-4FD5-B05E-EE70FD50D402}.DebugNSight|x86.Build.0 = Release|x64
		{FA3BBBFF-A6C8-4FD5-B05E-EE70FD50D402}.Release|x64.ActiveCfg = Release|x64
		{FA3BBBFF-A6C8-4FD5-B05E-EE70FD50D402}.Release|x64.Build.0 = Release|x64
		{FA3BBBFF-A6C8-4FD5-B05E-EE70FD50D402}.Release|x86.ActiveCfg = Release|x64
		{83D2DF8A-3183-457A-B9E9-2D7B532C80E8}.Debug|x64.ActiveCfg = Debug|x64
		{83D2DF8A-3183-457A-B9E9-2D7B532C80E8}.Debug|x64.Build.0 = Debug|x64
		{83D2DF8A-3183-457A-B9E9-2D7B532C80E8}.Debug|x86.ActiveCfg = Debug|x64
		{83D2DF8A-3183-457A-B9E9-2D7B532C80E8}.DebugNSight|x64.ActiveCfg = Debug|x64
		{83D2DF8A-3183-457A-B9E9-2D7B532C80E8}.DebugNSight|x86.ActiveCfg = Release|x64
		{83D2DF8A-3183-457A-B9E9-2D7B532C80E8}.DebugNSight|x86.Build.0 = Release|x64
		{83D2DF8A-3183-457A-B9E9-2D7B532C80E8}.Release|x64.ActiveCfg = Release|x64
		{83D2DF8A-3183-457A-B9E9-2D7B532C80E8}.Release|x64.Build.0 = Release|x64
		{83D2DF8A-3183-457A-B9E9-2D7B532C80E8}.Release|x86.ActiveCfg = Release|x64
		{B12702AD-ABFB-343A-A199-8E24837244A3}.Debug|x64.ActiveCfg = Debug|x64
		{B12702AD-ABFB-343A-A199-8E24837244A3}.Debug|x64.Build.0 = Debug|x64
		{B12702AD-ABFB-343A-A199-8E24837244A3}.Debug|x86.ActiveCfg = Debug|x64
		{B12702AD-ABFB-343A-A199-8E24837244A3}.DebugNSight|x64.ActiveCfg = DebugNSight|x64
		{B12702AD-ABFB-343A-A199-8E24837244A3}.DebugNSight|x64.Build.0 = DebugNSight|x64
		{B12702AD-ABFB-343A-A199-8E24837244A3}.DebugNSight|x86.ActiveCfg = DebugNSight|x64
		{B12702AD-ABFB-343A-A199-8E24837244A3}.Release|x64.ActiveCfg = Release|x64
		{B12702AD-ABFB-343A-A199-8E24837244A3}.Release|x64.Build.0 = Release|x64
		{B12702AD-ABFB-343A-A199-8E24837244A3}.Release|x86.ActiveCfg = Release|x64
		{A36B79BF-791B-45FF-97CA-319BE46D0FEE}.Debug|x64.ActiveCfg = Debug|Any CPU
		{A36B79BF-791B-45FF-97CA-319BE46D0FEE}.Debug|x64.Build.0 = Debug|Any CPU
		{A36B79BF-791B-45FF-97CA-319BE46D0FEE}.Debug|x86.ActiveCfg = Debug|Any CPU
		{A36B79BF-791B-45FF-97CA-319BE46D0FEE}.Debug|x86.Build.0 = Debug|Any CPU
		{A36B79BF-791B-45FF-97CA-319BE46D0FEE}.DebugNSight|x64.ActiveCfg = Debug|Any CPU
		{A36B79BF-791B-45FF-97CA-319BE46D0FEE}.DebugNSight|x64.Build.0 = Debug|Any CPU
		{A36B79BF-791B-45FF-97CA-319BE46D0FEE}.DebugNSight|x86.ActiveCfg = Debug|Any CPU
		{A36B79BF-791B-45FF-97CA-319BE46D0FEE}.DebugNSight|x86.Build.0 = Debug|Any CPU
		{A36B79BF-791B-45FF-97CA-319BE46D0FEE}.Release|x64.ActiveCfg = Release|Any CPU
		{A36B79BF-791B-45FF-97CA-319BE46D0FEE}.Release|x64.Build.0 = Release|Any CPU
		{A36B79BF-791B-45FF-97CA-319BE46D0FEE}.Release|x86.ActiveCfg = Release|Any CPU
		{A36B79BF-791B-45FF-97CA-319BE46D0FEE}.Release|x86.Build.0 = Release|Any CPU
		{CAEE650F-F66E-47F5-BEE9-E815F4C51007}.Debug|x64.ActiveCfg = Debug|x64
		{CAEE650F-F66E-47F5-BEE9-E815F4C51007}.Debug|x64.Build.0 = Debug|x64
		{CAEE650F-F66E-47F5-BEE9-E815F4C51007}.Debug|x86.ActiveCfg = Debug|x64
		{CAEE650F-F66E-47F5-BEE9-E815F4C51007}.DebugNSight|x64.ActiveCfg = Debug|x64
		{CAEE650F-F66E-47F5-BEE9-E815F4C51007}.DebugNSight|x64.Build.0 = Debug|x64
		{CAEE650F-F66E-47F5-BEE9-E815F4C51007}.DebugNSight|x86.ActiveCfg = Release|x64
		{CAEE650F-F66E-47F5-BEE9-E815F4C51007}.DebugNSight|x86.Build.0 = Release|x64
		{CAEE650F-F66E-47F5-BEE9-E815F4C51007}.Release|x64.ActiveCfg = Release|x64
		{CAEE650F-F66E-47F5-BEE9-E815F4C51007}.Release|x64.Build.0 = Release|x64
		{CAEE650F-F66E-47F5-BEE9-E815F4C51007}.Release|x86.ActiveCfg = Release|x64
		{ACF54EB6-8FAD-4FB5-8789-944ABD833B06}.Debug|x64.ActiveCfg = Debug|x64
		{ACF54EB6-8FAD-4FB5-8789-944ABD833B06}.Debug|x64.Build.0 = Debug|x64
		{ACF54EB6-8FAD-4FB5-8789-944ABD833B06}.Debug|x86.ActiveCfg = Debug|x64
		{ACF54EB6-8FAD-4FB5-8789-944ABD833B06}.DebugNSight|x64.ActiveCfg = Debug|x64
		{ACF54EB6-8FAD-4FB5-8789-944ABD833B06}.DebugNSight|x64.Build.0 = Debug|x64
		{ACF54EB6-8FAD-4FB5-8789-944ABD833B06}.DebugNSight|x86.ActiveCfg = Release|x64
		{ACF54EB6-8FAD-4FB5-8789-944ABD833B06}.DebugNSight|x86.Build.0 = Release|x64
		{ACF54EB6-8FAD-4FB5-8789-944ABD833B06}.Release|x64.ActiveCfg = Release|x64
		{ACF54EB6-8FAD-4FB5-8789-944ABD833B06}.Release|x64.Build.0 = Release|x64
		{ACF54EB6-8FAD-4FB5-8789-944ABD833B06}.Release|x86.ActiveCfg = Release|x64
		{4C883782-7689-4B6E-9BC5-F773D0711D81}.Debug|x64.ActiveCfg = Debug|x64
		{4C883782-7689-4B6E-9BC5-F773D0711D81}.Debug|x64.Build.0 = Debug|x64
		{4C883782-7689-4B6E-9BC5-F773D0711D81}.Debug|x86.ActiveCfg = Debug|x64
		{4C883782-7689-4B6E-9BC5-F773D0711D81}.DebugNSight|x64.ActiveCfg = Debug|x64
		{4C883782-7689-4B6E-9BC5-F773D0711D81}.DebugNSight|x64.Build.0 = Debug|x64
		{4C883782-7689-4B6E-9BC5-F773D0711D81}.DebugNSight|x86.ActiveCfg = Release|x64
		{4C883782-7689-4B6E-9BC5-F773D0711D81}.DebugNSight|x86.Build.0 = Release|x64
		{4C883782-7689-4B6E-9BC5-F773D0711D81}.Release|x64.ActiveCfg = Release|x64
		{4C883782-7689-4B6E-9BC5-F773D0711D81}.Release|x64.Build.0 = Release|x64
		{4C883782-7689-4B6E-9BC5-F773D0711D81}.Release|x86.ActiveCfg = Release|x64
		{E5DDE082-980D-45E9-9275-0D551CBBE53C}.Debug|x64.ActiveCfg = Debug|x64
		{E5DDE082-980D-45E9-9275-0D551CBBE53C}.Debug|x64.Build.0 = Debug|x64
		{E5DDE082-980D-45E9-9275-0D551CBBE53C}.Debug|x64.Deploy.0 = Debug|x64
		{E5DDE082-980D-45E9-9275-0D551CBBE53C}.Debug|x86.ActiveCfg = Debug|x64
		{E5DDE082-980D-45E9-9275-0D551CBBE53C}.DebugNSight|x64.ActiveCfg = Debug|x64
		{E5DDE082-980D-45E9-9275-0D551CBBE53C}.DebugNSight|x64.Build.0 = Debug|x64
		{E5DDE082-980D-45E9-9275-0D551CBBE53C}.DebugNSight|x86.ActiveCfg = Release|x64
		{E5DDE082-980D-45E9-9275-0D551CBBE53C}.DebugNSight|x86.Build.0 = Release|x64
		{E5DDE082-980D-45E9-9275-0D551CBBE53C}.Release|x64.ActiveCfg = Release|x64
		{E5DDE082-980D-45E9-9275-0D551CBBE53C}.Release|x64.Build.0 = Release|x64
		{E5DDE082-980D-45E9-9275-0D551CBBE53C}.Release|x86.ActiveCfg = Release|x64
		{54356F79-68E9-45FE-92FA-C3DB4D9F1E39}.Debug|x64.ActiveCfg = Debug|x64
		{54356F79-68E9-45FE-92FA-C3DB4D9F1E39}.Debug|x64.Build.0 = Debug|x64
		{54356F79-68E9-45FE-92FA-C3DB4D9F1E39}.Debug|x86.ActiveCfg = Debug|x64
		{54356F79-68E9-45FE-92FA-C3DB4D9F1E39}.DebugNSight|x64.ActiveCfg = Debug|x64
		{54356F79-68E9-45FE-92FA-C3DB4D9F1E39}.DebugNSight|x64.Build.0 = Debug|x64
		{54356F79-68E9-45FE-92FA-C3DB4D9F1E39}.DebugNSight|x86.ActiveCfg = Release|x64
		{54356F79-68E9-45FE-92FA-C3DB4D9F1E39}.DebugNSight|x86.Build.0 = Release|x64
		{54356F79-68E9-45FE-92FA-C3DB4D9F1E39}.Release|x64.ActiveCfg = Release|x64
		{54356F79-68E9-45FE-92FA-C3DB4D9F1E39}.Release|x64.Build.0 = Release|x64
		{54356F79-68E9-45FE-92FA-C3DB4D9F1E39}.Release|x86.ActiveCfg = Release|x64
		{ACCCB653-C128-47F1-9D2C-93DA46DEF6B6}.Debug|x64.ActiveCfg = Debug|x64
		{ACCCB653-C128-47F1-9D2C-93DA46DEF6B6}.Debug|x64.Build.0 = Debug|x64
		{ACCCB653-C128-47F1-9D2C-93DA46DEF6B6}.Debug|x86.ActiveCfg = Debug|Win32
		{ACCCB653-C128-47F1-9D2C-93DA46DEF6B6}.Debug|x86.Build.0 = Debug|Win32
		{ACCCB653-C128-47F1-9D2C-93DA46DEF6B6}.DebugNSight|x64.ActiveCfg = Debug|x64
		{ACCCB653-C128-47F1-9D2C-93DA46DEF6B6}.DebugNSight|x64.Build.0 = Debug|x64
		{ACCCB653-C128-47F1-9D2C-93DA46DEF6B6}.DebugNSight|x86.ActiveCfg = Debug|Win32
		{ACCCB653-C128-47F1-9D2C-93DA46DEF6B6}.DebugNSight|x86.Build.0 = Debug|Win32
		{ACCCB653-C128-47F1-9D2C-93DA46DEF6B6}.Release|x64.ActiveCfg = Release|x64
		{ACCCB653-C128-47F1-9D2C-93DA46DEF6B6}.Release|x64.Build.0 = Release|x64
		{ACCCB653-C128-47F1-9D2C-93DA46DEF6B6}.Release|x86.ActiveCfg = Release|Win32
		{ACCCB653-C128-47F1-9D2C-93DA46DEF6B6}.Release|x86.Build.0 = Release|Win32
		{396D6EDD-CF62-4315-A64A-6DE77FF7AB86}.Debug|x64.ActiveCfg = Debug|x64
		{396D6EDD-CF62-4315-A64A-6DE77FF7AB86}.Debug|x64.Build.0 = Debug|x64
		{396D6EDD-CF62-4315-A64A-6DE77FF7AB86}.Debug|x86.ActiveCfg = Debug|x64
		{396D6EDD-CF62-4315-A64A-6DE77FF7AB86}.DebugNSight|x64.ActiveCfg = Debug|x64
		{396D6EDD-CF62-4315-A64A-6DE77FF7AB86}.DebugNSight|x64.Build.0 = Debug|x64
		{396D6EDD-CF62-4315-A64A-6DE77FF7AB86}.DebugNSight|x86.ActiveCfg = Release|x64
		{396D6EDD-CF62-4315-A64A-6DE77FF7AB86}.DebugNSight|x86.Build.0 = Release|x64
		{396D6EDD-CF62-4315-A64A-6DE77FF7AB86}.Release|x64.ActiveCfg = Release|x64
		{396D6EDD-CF62-4315-A64A-6DE77FF7AB86}.Release|x64.Build.0 = Release|x64
		{396D6EDD-CF62-4315-A64A-6DE77FF7AB86}.Release|x86.ActiveCfg = Release|x64
		{939F1F43-F252-486C-BB92-3166E44713A5}.Debug|x64.ActiveCfg = Debug|x64
		{939F1F43-F252-486C-BB92-3166E44713A5}.Debug|x64.Build.0 = Debug|x64
		{939F1F43-F252-486C-BB92-3166E44713A5}.Debug|x86.ActiveCfg = Debug|x64
		{939F1F43-F252-486C-BB92-3166E44713A5}.DebugNSight|x64.ActiveCfg = Debug|x64
		{939F1F43-F252-486C-BB92-3166E44713A5}.DebugNSight|x64.Build.0 = Debug|x64
		{939F1F43-F252-486C-BB92-3166E44713A5}.DebugNSight|x86.ActiveCfg = MinSizeRel|x64
		{939F1F43-F252-486C-BB92-3166E44713A5}.DebugNSight|x86.Build.0 = MinSizeRel|x64
		{939F1F43-F252-486C-BB92-3166E44713A5}.Release|x64.ActiveCfg = Release|x64
		{939F1F43-F252-486C-BB92-3166E44713A5}.Release|x64.Build.0 = Release|x64
		{939F1F43-F252-486C-BB92-3166E44713A5}.Release|x86.ActiveCfg = Release|x64
		{F9AF9BC6-2CA5-4E0C-982B-CF7974723A0B}.Debug|x64.ActiveCfg = Debug|x64
		{F9AF9BC6-2CA5-4E0C-982B-CF7974723A0B}.Debug|x64.Build.0 = Debug|x64
		{F9AF9BC6-2CA5-4E0C-982B-CF7974723A0B}.Debug|x86.ActiveCfg = Debug|x64
		{F9AF9BC6-2CA5-4E0C-982B-CF7974723A0B}.DebugNSight|x64.ActiveCfg = Debug|x64
		{F9AF9BC6-2CA5-4E0C-982B-CF7974723A0B}.DebugNSight|x64.Build.0 = Debug|x64
		{F9AF9BC6-2CA5-4E0C-982B-CF7974723A0B}.DebugNSight|x86.ActiveCfg = MinSizeRel|x64
		{F9AF9BC6-2CA5-4E0C-982B-CF7974723A0B}.DebugNSight|x86.Build.0 = MinSizeRel|x64
		{F9AF9BC6-2CA5-4E0C-982B-CF7974723A0B}.Release|x64.ActiveCfg = Release|x64
		{F9AF9BC6-2CA5-4E0C-982B-CF7974723A0B}.Release|x64.Build.0 = Release|x64
		{F9AF9BC6-2CA5-4E0C-982B-CF7974723A0B}.Release|x86.ActiveCfg = Release|x64
	EndGlobalSection
	GlobalSection(SolutionProperties) = preSolution
		HideSolutionNode = FALSE
	EndGlobalSection
EndGlobal
