
Microsoft Visual Studio Solution File, Format Version 12.00
# Visual Studio 14
VisualStudioVersion = 14.0.25420.1
MinimumVisualStudioVersion = 10.0.40219.1
Project("{8BC9CEB8-8B4A-11D0-8D11-00A0C91BC942}") = "CaveSegmentationLib", "CaveSegmentationLib\CaveSegmentationLib.vcxproj", "{FA3BBBFF-A6C8-4FD5-B05E-EE70FD50D402}"
EndProject
Project("{8BC9CEB8-8B4A-11D0-8D11-00A0C91BC942}") = "CaveSegmentationCommandLine", "CaveSegmentationCommandLine\CaveSegmentationCommandLine.vcxproj", "{83D2DF8A-3183-457A-B9E9-2D7B532C80E8}"
EndProject
Project("{8BC9CEB8-8B4A-11D0-8D11-00A0C91BC942}") = "CaveSegmentationGUI", "CaveSegmentationGUI\CaveSegmentationGUI.vcxproj", "{B12702AD-ABFB-343A-A199-8E24837244A3}"
	ProjectSection(ProjectDependencies) = postProject
		{54356F79-68E9-45FE-92FA-C3DB4D9F1E39} = {54356F79-68E9-45FE-92FA-C3DB4D9F1E39}
	EndProjectSection
EndProject
Project("{FAE04EC0-301F-11D3-BF4B-00C04F79EFBC}") = "ManualCaveSegmentationService", "ManualCaveSegmentationService\ManualCaveSegmentationService.csproj", "{A36B79BF-791B-45FF-97CA-319BE46D0FEE}"
EndProject
Project("{8BC9CEB8-8B4A-11D0-8D11-00A0C91BC942}") = "ManualCaveSegmentationGUI", "ManualCaveSegmentationGUI\ManualCaveSegmentationGUI.vcxproj", "{CAEE650F-F66E-47F5-BEE9-E815F4C51007}"
EndProject
Project("{8BC9CEB8-8B4A-11D0-8D11-00A0C91BC942}") = "CaveSegmentationGUICore", "CaveSegmentationGUICore\CaveSegmentationGUICore.vcxproj", "{54356F79-68E9-45FE-92FA-C3DB4D9F1E39}"
EndProject
Project("{8BC9CEB8-8B4A-11D0-8D11-00A0C91BC942}") = "MCFSkeleton", "MCFSkeleton\MCFSkeleton.vcxproj", "{ACF54EB6-8FAD-4FB5-8789-944ABD833B06}"
EndProject
Project("{8BC9CEB8-8B4A-11D0-8D11-00A0C91BC942}") = "Evaluation", "Evaluation\Evaluation.vcxproj", "{4C883782-7689-4B6E-9BC5-F773D0711D81}"
EndProject
Global
	GlobalSection(SolutionConfigurationPlatforms) = preSolution
		Debug|Any CPU = Debug|Any CPU
		Debug|x64 = Debug|x64
		Debug|x86 = Debug|x86
		DebugNSight|Any CPU = DebugNSight|Any CPU
		DebugNSight|x64 = DebugNSight|x64
		DebugNSight|x86 = DebugNSight|x86
		Release|Any CPU = Release|Any CPU
		Release|x64 = Release|x64
		Release|x86 = Release|x86
	EndGlobalSection
	GlobalSection(ProjectConfigurationPlatforms) = postSolution
		{FA3BBBFF-A6C8-4FD5-B05E-EE70FD50D402}.Debug|Any CPU.ActiveCfg = Debug|x64
		{FA3BBBFF-A6C8-4FD5-B05E-EE70FD50D402}.Debug|x64.ActiveCfg = Debug|x64
		{FA3BBBFF-A6C8-4FD5-B05E-EE70FD50D402}.Debug|x64.Build.0 = Debug|x64
		{FA3BBBFF-A6C8-4FD5-B05E-EE70FD50D402}.Debug|x86.ActiveCfg = Debug|x64
		{FA3BBBFF-A6C8-4FD5-B05E-EE70FD50D402}.DebugNSight|Any CPU.ActiveCfg = Release|x64
		{FA3BBBFF-A6C8-4FD5-B05E-EE70FD50D402}.DebugNSight|Any CPU.Build.0 = Release|x64
		{FA3BBBFF-A6C8-4FD5-B05E-EE70FD50D402}.DebugNSight|x64.ActiveCfg = Debug|x64
		{FA3BBBFF-A6C8-4FD5-B05E-EE70FD50D402}.DebugNSight|x64.Build.0 = Debug|x64
		{FA3BBBFF-A6C8-4FD5-B05E-EE70FD50D402}.DebugNSight|x86.ActiveCfg = Release|x64
		{FA3BBBFF-A6C8-4FD5-B05E-EE70FD50D402}.DebugNSight|x86.Build.0 = Release|x64
		{FA3BBBFF-A6C8-4FD5-B05E-EE70FD50D402}.Release|Any CPU.ActiveCfg = Release|x64
		{FA3BBBFF-A6C8-4FD5-B05E-EE70FD50D402}.Release|x64.ActiveCfg = Release|x64
		{FA3BBBFF-A6C8-4FD5-B05E-EE70FD50D402}.Release|x64.Build.0 = Release|x64
		{FA3BBBFF-A6C8-4FD5-B05E-EE70FD50D402}.Release|x86.ActiveCfg = Release|x64
		{83D2DF8A-3183-457A-B9E9-2D7B532C80E8}.Debug|Any CPU.ActiveCfg = Debug|x64
		{83D2DF8A-3183-457A-B9E9-2D7B532C80E8}.Debug|x64.ActiveCfg = Debug|x64
		{83D2DF8A-3183-457A-B9E9-2D7B532C80E8}.Debug|x64.Build.0 = Debug|x64
		{83D2DF8A-3183-457A-B9E9-2D7B532C80E8}.Debug|x86.ActiveCfg = Debug|x64
		{83D2DF8A-3183-457A-B9E9-2D7B532C80E8}.DebugNSight|Any CPU.ActiveCfg = Release|x64
		{83D2DF8A-3183-457A-B9E9-2D7B532C80E8}.DebugNSight|Any CPU.Build.0 = Release|x64
		{83D2DF8A-3183-457A-B9E9-2D7B532C80E8}.DebugNSight|x64.ActiveCfg = Debug|x64
		{83D2DF8A-3183-457A-B9E9-2D7B532C80E8}.DebugNSight|x86.ActiveCfg = Release|x64
		{83D2DF8A-3183-457A-B9E9-2D7B532C80E8}.DebugNSight|x86.Build.0 = Release|x64
		{83D2DF8A-3183-457A-B9E9-2D7B532C80E8}.Release|Any CPU.ActiveCfg = Release|x64
		{83D2DF8A-3183-457A-B9E9-2D7B532C80E8}.Release|x64.ActiveCfg = Release|x64
		{83D2DF8A-3183-457A-B9E9-2D7B532C80E8}.Release|x64.Build.0 = Release|x64
		{83D2DF8A-3183-457A-B9E9-2D7B532C80E8}.Release|x86.ActiveCfg = Release|x64
		{B12702AD-ABFB-343A-A199-8E24837244A3}.Debug|Any CPU.ActiveCfg = Debug|x64
		{B12702AD-ABFB-343A-A199-8E24837244A3}.Debug|x64.ActiveCfg = Debug|x64
		{B12702AD-ABFB-343A-A199-8E24837244A3}.Debug|x64.Build.0 = Debug|x64
		{B12702AD-ABFB-343A-A199-8E24837244A3}.Debug|x86.ActiveCfg = Debug|x64
		{B12702AD-ABFB-343A-A199-8E24837244A3}.DebugNSight|Any CPU.ActiveCfg = DebugNSight|x64
		{B12702AD-ABFB-343A-A199-8E24837244A3}.DebugNSight|x64.ActiveCfg = DebugNSight|x64
		{B12702AD-ABFB-343A-A199-8E24837244A3}.DebugNSight|x64.Build.0 = DebugNSight|x64
		{B12702AD-ABFB-343A-A199-8E24837244A3}.DebugNSight|x86.ActiveCfg = DebugNSight|x64
		{B12702AD-ABFB-343A-A199-8E24837244A3}.Release|Any CPU.ActiveCfg = Release|x64
		{B12702AD-ABFB-343A-A199-8E24837244A3}.Release|x64.ActiveCfg = Release|x64
		{B12702AD-ABFB-343A-A199-8E24837244A3}.Release|x64.Build.0 = Release|x64
		{B12702AD-ABFB-343A-A199-8E24837244A3}.Release|x86.ActiveCfg = Release|x64
		{A36B79BF-791B-45FF-97CA-319BE46D0FEE}.Debug|Any CPU.ActiveCfg = Debug|Any CPU
		{A36B79BF-791B-45FF-97CA-319BE46D0FEE}.Debug|Any CPU.Build.0 = Debug|Any CPU
		{A36B79BF-791B-45FF-97CA-319BE46D0FEE}.Debug|x64.ActiveCfg = Debug|x64
		{A36B79BF-791B-45FF-97CA-319BE46D0FEE}.Debug|x64.Build.0 = Debug|x64
		{A36B79BF-791B-45FF-97CA-319BE46D0FEE}.Debug|x86.ActiveCfg = Debug|Any CPU
		{A36B79BF-791B-45FF-97CA-319BE46D0FEE}.Debug|x86.Build.0 = Debug|Any CPU
		{A36B79BF-791B-45FF-97CA-319BE46D0FEE}.DebugNSight|Any CPU.ActiveCfg = Debug|Any CPU
		{A36B79BF-791B-45FF-97CA-319BE46D0FEE}.DebugNSight|Any CPU.Build.0 = Debug|Any CPU
		{A36B79BF-791B-45FF-97CA-319BE46D0FEE}.DebugNSight|x64.ActiveCfg = Debug|x64
		{A36B79BF-791B-45FF-97CA-319BE46D0FEE}.DebugNSight|x64.Build.0 = Debug|x64
		{A36B79BF-791B-45FF-97CA-319BE46D0FEE}.DebugNSight|x86.ActiveCfg = Debug|Any CPU
		{A36B79BF-791B-45FF-97CA-319BE46D0FEE}.DebugNSight|x86.Build.0 = Debug|Any CPU
		{A36B79BF-791B-45FF-97CA-319BE46D0FEE}.Release|Any CPU.ActiveCfg = Release|Any CPU
		{A36B79BF-791B-45FF-97CA-319BE46D0FEE}.Release|Any CPU.Build.0 = Release|Any CPU
		{A36B79BF-791B-45FF-97CA-319BE46D0FEE}.Release|x64.ActiveCfg = Release|x64
		{A36B79BF-791B-45FF-97CA-319BE46D0FEE}.Release|x64.Build.0 = Release|x64
		{A36B79BF-791B-45FF-97CA-319BE46D0FEE}.Release|x86.ActiveCfg = Release|Any CPU
		{A36B79BF-791B-45FF-97CA-319BE46D0FEE}.Release|x86.Build.0 = Release|Any CPU
		{CAEE650F-F66E-47F5-BEE9-E815F4C51007}.Debug|Any CPU.ActiveCfg = Debug|Win32
		{CAEE650F-F66E-47F5-BEE9-E815F4C51007}.Debug|x64.ActiveCfg = Debug|x64
		{CAEE650F-F66E-47F5-BEE9-E815F4C51007}.Debug|x64.Build.0 = Debug|x64
		{CAEE650F-F66E-47F5-BEE9-E815F4C51007}.Debug|x86.ActiveCfg = Debug|Win32
		{CAEE650F-F66E-47F5-BEE9-E815F4C51007}.Debug|x86.Build.0 = Debug|Win32
		{CAEE650F-F66E-47F5-BEE9-E815F4C51007}.DebugNSight|Any CPU.ActiveCfg = Release|x64
		{CAEE650F-F66E-47F5-BEE9-E815F4C51007}.DebugNSight|Any CPU.Build.0 = Release|x64
		{CAEE650F-F66E-47F5-BEE9-E815F4C51007}.DebugNSight|x64.ActiveCfg = Debug|x64
		{CAEE650F-F66E-47F5-BEE9-E815F4C51007}.DebugNSight|x64.Build.0 = Debug|x64
		{CAEE650F-F66E-47F5-BEE9-E815F4C51007}.DebugNSight|x86.ActiveCfg = Debug|Win32
		{CAEE650F-F66E-47F5-BEE9-E815F4C51007}.DebugNSight|x86.Build.0 = Debug|Win32
		{CAEE650F-F66E-47F5-BEE9-E815F4C51007}.Release|Any CPU.ActiveCfg = Release|Win32
		{CAEE650F-F66E-47F5-BEE9-E815F4C51007}.Release|x64.ActiveCfg = Release|x64
		{CAEE650F-F66E-47F5-BEE9-E815F4C51007}.Release|x64.Build.0 = Release|x64
		{CAEE650F-F66E-47F5-BEE9-E815F4C51007}.Release|x86.ActiveCfg = Release|Win32
		{CAEE650F-F66E-47F5-BEE9-E815F4C51007}.Release|x86.Build.0 = Release|Win32
		{54356F79-68E9-45FE-92FA-C3DB4D9F1E39}.Debug|Any CPU.ActiveCfg = Debug|Win32
		{54356F79-68E9-45FE-92FA-C3DB4D9F1E39}.Debug|x64.ActiveCfg = Debug|x64
		{54356F79-68E9-45FE-92FA-C3DB4D9F1E39}.Debug|x64.Build.0 = Debug|x64
		{54356F79-68E9-45FE-92FA-C3DB4D9F1E39}.Debug|x86.ActiveCfg = Debug|Win32
		{54356F79-68E9-45FE-92FA-C3DB4D9F1E39}.Debug|x86.Build.0 = Debug|Win32
		{54356F79-68E9-45FE-92FA-C3DB4D9F1E39}.DebugNSight|Any CPU.ActiveCfg = Release|x64
		{54356F79-68E9-45FE-92FA-C3DB4D9F1E39}.DebugNSight|Any CPU.Build.0 = Release|x64
		{54356F79-68E9-45FE-92FA-C3DB4D9F1E39}.DebugNSight|x64.ActiveCfg = Debug|x64
		{54356F79-68E9-45FE-92FA-C3DB4D9F1E39}.DebugNSight|x64.Build.0 = Debug|x64
		{54356F79-68E9-45FE-92FA-C3DB4D9F1E39}.DebugNSight|x86.ActiveCfg = Debug|Win32
		{54356F79-68E9-45FE-92FA-C3DB4D9F1E39}.DebugNSight|x86.Build.0 = Debug|Win32
		{54356F79-68E9-45FE-92FA-C3DB4D9F1E39}.Release|Any CPU.ActiveCfg = Release|Win32
		{54356F79-68E9-45FE-92FA-C3DB4D9F1E39}.Release|x64.ActiveCfg = Release|x64
		{54356F79-68E9-45FE-92FA-C3DB4D9F1E39}.Release|x64.Build.0 = Release|x64
		{54356F79-68E9-45FE-92FA-C3DB4D9F1E39}.Release|x86.ActiveCfg = Release|Win32
		{54356F79-68E9-45FE-92FA-C3DB4D9F1E39}.Release|x86.Build.0 = Release|Win32
		{ACF54EB6-8FAD-4FB5-8789-944ABD833B06}.Debug|Any CPU.ActiveCfg = Debug|Win32
		{ACF54EB6-8FAD-4FB5-8789-944ABD833B06}.Debug|x64.ActiveCfg = Debug|x64
		{ACF54EB6-8FAD-4FB5-8789-944ABD833B06}.Debug|x64.Build.0 = Debug|x64
		{ACF54EB6-8FAD-4FB5-8789-944ABD833B06}.Debug|x86.ActiveCfg = Debug|Win32
		{ACF54EB6-8FAD-4FB5-8789-944ABD833B06}.Debug|x86.Build.0 = Debug|Win32
		{ACF54EB6-8FAD-4FB5-8789-944ABD833B06}.DebugNSight|Any CPU.ActiveCfg = Release|x64
		{ACF54EB6-8FAD-4FB5-8789-944ABD833B06}.DebugNSight|Any CPU.Build.0 = Release|x64
		{ACF54EB6-8FAD-4FB5-8789-944ABD833B06}.DebugNSight|x64.ActiveCfg = Debug|x64
		{ACF54EB6-8FAD-4FB5-8789-944ABD833B06}.DebugNSight|x64.Build.0 = Debug|x64
		{ACF54EB6-8FAD-4FB5-8789-944ABD833B06}.DebugNSight|x86.ActiveCfg = Debug|Win32
		{ACF54EB6-8FAD-4FB5-8789-944ABD833B06}.DebugNSight|x86.Build.0 = Debug|Win32
		{ACF54EB6-8FAD-4FB5-8789-944ABD833B06}.Release|Any CPU.ActiveCfg = Release|Win32
		{ACF54EB6-8FAD-4FB5-8789-944ABD833B06}.Release|x64.ActiveCfg = Release|x64
		{ACF54EB6-8FAD-4FB5-8789-944ABD833B06}.Release|x64.Build.0 = Release|x64
		{ACF54EB6-8FAD-4FB5-8789-944ABD833B06}.Release|x86.ActiveCfg = Release|Win32
		{ACF54EB6-8FAD-4FB5-8789-944ABD833B06}.Release|x86.Build.0 = Release|Win32
		{4C883782-7689-4B6E-9BC5-F773D0711D81}.Debug|Any CPU.ActiveCfg = Debug|x64
		{4C883782-7689-4B6E-9BC5-F773D0711D81}.Debug|x64.ActiveCfg = Debug|x64
		{4C883782-7689-4B6E-9BC5-F773D0711D81}.Debug|x64.Build.0 = Debug|x64
		{4C883782-7689-4B6E-9BC5-F773D0711D81}.Debug|x86.ActiveCfg = Debug|x64
		{4C883782-7689-4B6E-9BC5-F773D0711D81}.DebugNSight|Any CPU.ActiveCfg = Release|x64
		{4C883782-7689-4B6E-9BC5-F773D0711D81}.DebugNSight|Any CPU.Build.0 = Release|x64
		{4C883782-7689-4B6E-9BC5-F773D0711D81}.DebugNSight|x64.ActiveCfg = Debug|x64
		{4C883782-7689-4B6E-9BC5-F773D0711D81}.DebugNSight|x64.Build.0 = Debug|x64
		{4C883782-7689-4B6E-9BC5-F773D0711D81}.DebugNSight|x86.ActiveCfg = Release|x64
		{4C883782-7689-4B6E-9BC5-F773D0711D81}.DebugNSight|x86.Build.0 = Release|x64
		{4C883782-7689-4B6E-9BC5-F773D0711D81}.Release|Any CPU.ActiveCfg = Release|x64
		{4C883782-7689-4B6E-9BC5-F773D0711D81}.Release|x64.ActiveCfg = Release|x64
		{4C883782-7689-4B6E-9BC5-F773D0711D81}.Release|x64.Build.0 = Release|x64
		{4C883782-7689-4B6E-9BC5-F773D0711D81}.Release|x86.ActiveCfg = Release|x64
		{4C883782-7689-4B6E-9BC5-F773D0711D81}.Release|x86.Build.0 = Release|x64
	EndGlobalSection
	GlobalSection(SolutionProperties) = preSolution
		HideSolutionNode = FALSE
	EndGlobalSection
EndGlobal
