<?xml version="1.0" encoding="utf-8"?>
<Project ToolsVersion="4.0" xmlns="http://schemas.microsoft.com/developer/msbuild/2003">
  <ItemGroup>
    <Filter Include="Source Dateien">
      <UniqueIdentifier>{4FC737F1-C7A5-4376-A066-2A32D752A2FF}</UniqueIdentifier>
      <Extensions>cpp;cxx;c;def</Extensions>
    </Filter>
    <Filter Include="Header Dateien">
      <UniqueIdentifier>{93995380-89BD-4b04-88EB-625FBE52EBFB}</UniqueIdentifier>
      <Extensions>h</Extensions>
    </Filter>
    <Filter Include="Form Dateien">
      <UniqueIdentifier>{99349809-55BA-4b9d-BF79-8FDBB0286EB3}</UniqueIdentifier>
      <Extensions>ui</Extensions>
    </Filter>
    <Filter Include="Resource Dateien">
      <UniqueIdentifier>{D9D6E242-F8AF-46E4-B9FD-80ECBC20BA3E}</UniqueIdentifier>
      <Extensions>qrc;*</Extensions>
      <ParseFiles>false</ParseFiles>
    </Filter>
    <Filter Include="Generierte Dateien">
      <UniqueIdentifier>{71ED8ED8-ACB9-4CE9-BBE1-E00B30144E11}</UniqueIdentifier>
      <Extensions>moc;h;cpp</Extensions>
      <SourceControlFiles>False</SourceControlFiles>
    </Filter>
    <Filter Include="Generierte Dateien\Debug">
      <UniqueIdentifier>{c917b30c-f582-4144-b3e2-d166818a2d47}</UniqueIdentifier>
      <Extensions>cpp;moc</Extensions>
      <SourceControlFiles>False</SourceControlFiles>
    </Filter>
    <Filter Include="Generierte Dateien\Release">
      <UniqueIdentifier>{16798188-96ad-42d4-b5c9-2c95792add20}</UniqueIdentifier>
      <Extensions>cpp;moc</Extensions>
      <SourceControlFiles>False</SourceControlFiles>
    </Filter>
    <Filter Include="Generierte Dateien\DebugNSight">
      <UniqueIdentifier>{d4471951-7fb1-4f66-b766-f31d6c99b506}</UniqueIdentifier>
      <Extensions>cpp;moc</Extensions>
      <SourceControlFiles>False</SourceControlFiles>
    </Filter>
  </ItemGroup>
  <ItemGroup>
    <ClCompile Include="main.cpp">
      <Filter>Source Dateien</Filter>
    </ClCompile>
    <ClCompile Include="cavesegmentationgui.cpp">
      <Filter>Source Dateien</Filter>
    </ClCompile>
    <ClCompile Include="GeneratedFiles\qrc_cavesegmentationgui.cpp">
      <Filter>Generierte Dateien</Filter>
    </ClCompile>
    <ClCompile Include="GLView.cpp">
      <Filter>Source Dateien</Filter>
    </ClCompile>
    <ClCompile Include="CaveDataGLView.cpp">
      <Filter>Source Dateien</Filter>
    </ClCompile>
    <ClCompile Include="CaveGLData.cpp">
      <Filter>Source Dateien</Filter>
    </ClCompile>
    <ClCompile Include="GeneratedFiles\Debug\moc_CaveGLData.cpp">
      <Filter>Generierte Dateien\Debug</Filter>
    </ClCompile>
    <ClCompile Include="GeneratedFiles\Release\moc_CaveGLData.cpp">
      <Filter>Generierte Dateien\Release</Filter>
    </ClCompile>
    <ClCompile Include="IHasBoundingBox.cpp">
      <Filter>Source Dateien</Filter>
    </ClCompile>
    <ClCompile Include="stdafx.cpp">
      <Filter>Source Dateien</Filter>
    </ClCompile>
    <ClCompile Include="GeneratedFiles\Debug\moc_GLView.cpp">
      <Filter>Generierte Dateien\Debug</Filter>
    </ClCompile>
    <ClCompile Include="GeneratedFiles\Release\moc_GLView.cpp">
      <Filter>Generierte Dateien\Release</Filter>
    </ClCompile>
    <ClCompile Include="GeneratedFiles\Debug\moc_cavesegmentationgui.cpp">
      <Filter>Generierte Dateien\Debug</Filter>
    </ClCompile>
    <ClCompile Include="GeneratedFiles\Release\moc_cavesegmentationgui.cpp">
      <Filter>Generierte Dateien\Release</Filter>
    </ClCompile>
    <ClCompile Include="GeneratedFiles\DebugNSight\moc_GLView.cpp">
      <Filter>Generierte Dateien\DebugNSight</Filter>
    </ClCompile>
    <ClCompile Include="GeneratedFiles\DebugNSight\moc_CaveGLData.cpp">
      <Filter>Generierte Dateien\DebugNSight</Filter>
    </ClCompile>
    <ClCompile Include="GeneratedFiles\DebugNSight\moc_cavesegmentationgui.cpp">
      <Filter>Generierte Dateien\DebugNSight</Filter>
    </ClCompile>
    <ClCompile Include="GLUtils.cpp">
      <Filter>Source Dateien</Filter>
    </ClCompile>
  </ItemGroup>
  <ItemGroup>
    <CustomBuild Include="cavesegmentationgui.h">
      <Filter>Header Dateien</Filter>
    </CustomBuild>
    <CustomBuild Include="cavesegmentationgui.ui">
      <Filter>Form Dateien</Filter>
    </CustomBuild>
    <CustomBuild Include="cavesegmentationgui.qrc">
      <Filter>Resource Dateien</Filter>
    </CustomBuild>
    <CustomBuild Include="GLView.h">
      <Filter>Header Dateien</Filter>
    </CustomBuild>
    <CustomBuild Include="CaveGLData.hpp">
      <Filter>Header Dateien</Filter>
    </CustomBuild>
  </ItemGroup>
  <ItemGroup>
    <ClInclude Include="GeneratedFiles\ui_cavesegmentationgui.h">
      <Filter>Generierte Dateien</Filter>
    </ClInclude>
    <ClInclude Include="CaveDataGLView.h">
      <Filter>Header Dateien</Filter>
    </ClInclude>
    <ClInclude Include="IHasBoundingBox.h">
      <Filter>Header Dateien</Filter>
    </ClInclude>
    <ClInclude Include="stdafx.h">
      <Filter>Header Dateien</Filter>
    </ClInclude>
    <ClInclude Include="CameraProvider.h">
      <Filter>Header Dateien</Filter>
    </ClInclude>
    <ClInclude Include="OpenGLContextProvider.h">
      <Filter>Header Dateien</Filter>
    </ClInclude>
    <ClInclude Include="GLUtils.h">
      <Filter>Header Dateien</Filter>
    </ClInclude>
  </ItemGroup>
  <ItemGroup>
    <None Include="cave.geom">
      <Filter>Resource Dateien</Filter>
    </None>
    <None Include="cave.vert">
      <Filter>Resource Dateien</Filter>
    </None>
    <None Include="cave.frag">
      <Filter>Resource Dateien</Filter>
    </None>
    <None Include="skeleton.vert">
      <Filter>Resource Dateien</Filter>
    </None>
    <None Include="skeleton.frag">
      <Filter>Resource Dateien</Filter>
    </None>
    <None Include="correspondence.vert">
      <Filter>Resource Dateien</Filter>
    </None>
    <None Include="correspondence.frag">
      <Filter>Resource Dateien</Filter>
    </None>
    <None Include="correspondence.geom">
      <Filter>Resource Dateien</Filter>
    </None>
    <None Include="clear.vert">
      <Filter>Resource Dateien</Filter>
    </None>
    <None Include="clear.frag">
      <Filter>Resource Dateien</Filter>
    </None>
    <None Include="skeletonPoint.vert">
      <Filter>Resource Dateien</Filter>
    </None>
    <None Include="skeletonPoint.frag">
      <Filter>Resource Dateien</Filter>
    </None>
    <None Include="skeletonPointSelection.frag">
      <Filter>Resource Dateien</Filter>
    </None>
  </ItemGroup>
</Project>