<?xml version="1.0" encoding="utf-8"?>
<Project ToolsVersion="4.0" xmlns="http://schemas.microsoft.com/developer/msbuild/2003">
  <ItemGroup>
    <Filter Include="glsl">
      <UniqueIdentifier>{1658486d-ba9f-4e39-9ecb-b549efbb73f1}</UniqueIdentifier>
    </Filter>
    <Filter Include="Include">
      <UniqueIdentifier>{93995380-89BD-4b04-88EB-625FBE52EBFB}</UniqueIdentifier>
      <Extensions>h</Extensions>
    </Filter>
    <Filter Include="Source Files">
      <UniqueIdentifier>{4FC737F1-C7A5-4376-A066-2A32D752A2FF}</UniqueIdentifier>
      <Extensions>cpp;cxx;c;def</Extensions>
    </Filter>
    <Filter Include="Resource Files">
      <UniqueIdentifier>{D9D6E242-F8AF-46E4-B9FD-80ECBC20BA3E}</UniqueIdentifier>
      <Extensions>qrc;*</Extensions>
      <ParseFiles>false</ParseFiles>
    </Filter>
    <Filter Include="Generated Files">
      <UniqueIdentifier>{71ED8ED8-ACB9-4CE9-BBE1-E00B30144E11}</UniqueIdentifier>
      <Extensions>moc;h;cpp</Extensions>
      <SourceControlFiles>False</SourceControlFiles>
    </Filter>
    <Filter Include="Generated Files\Debug">
      <UniqueIdentifier>{e58d6b31-01ec-4b37-b740-792688b488eb}</UniqueIdentifier>
      <Extensions>cpp;moc</Extensions>
      <SourceControlFiles>False</SourceControlFiles>
    </Filter>
    <Filter Include="Generated Files\Release">
      <UniqueIdentifier>{fbcd7ba2-7b99-40a6-911c-f59c73294020}</UniqueIdentifier>
      <Extensions>cpp;moc</Extensions>
      <SourceControlFiles>False</SourceControlFiles>
    </Filter>
    <Filter Include="Form Files">
      <UniqueIdentifier>{99349809-55BA-4b9d-BF79-8FDBB0286EB3}</UniqueIdentifier>
      <Extensions>ui</Extensions>
    </Filter>
  </ItemGroup>
  <ItemGroup>
    <ClInclude Include="resource.h">
      <Filter>Include</Filter>
    </ClInclude>
    <ClInclude Include="include\cavesegmentationguicore_global.h">
      <Filter>Include</Filter>
    </ClInclude>
    <ClInclude Include="include\GLUtils.h">
      <Filter>Include</Filter>
    </ClInclude>
    <ClInclude Include="include\OpenGLContextProvider.h">
      <Filter>Include</Filter>
    </ClInclude>
    <ClInclude Include="include\CameraProvider.h">
      <Filter>Include</Filter>
    </ClInclude>
    <ClInclude Include="include\cavesegmentationguicore.h">
      <Filter>Include</Filter>
    </ClInclude>
  </ItemGroup>
  <ItemGroup>
    <ClCompile Include="src\GLView.cpp">
      <Filter>Source Files</Filter>
    </ClCompile>
    <ClCompile Include="GeneratedFiles\qrc_guicore.cpp">
      <Filter>Generated Files</Filter>
    </ClCompile>
    <ClCompile Include="src\GLUtils.cpp">
      <Filter>Source Files</Filter>
    </ClCompile>
    <ClCompile Include="GeneratedFiles\Debug\moc_GLView.cpp">
      <Filter>Generated Files\Debug</Filter>
    </ClCompile>
    <ClCompile Include="GeneratedFiles\Release\moc_GLView.cpp">
      <Filter>Generated Files\Release</Filter>
    </ClCompile>
    <ClCompile Include="GeneratedFiles\Debug\moc_ObservableVariable.cpp">
      <Filter>Generated Files\Debug</Filter>
    </ClCompile>
    <ClCompile Include="GeneratedFiles\Release\moc_ObservableVariable.cpp">
      <Filter>Generated Files\Release</Filter>
    </ClCompile>
  </ItemGroup>
  <ItemGroup>
    <CustomBuild Include="Resources\guicore.qrc">
      <Filter>Resource Files</Filter>
    </CustomBuild>
    <CustomBuild Include="include\GLView.h">
      <Filter>Include</Filter>
    </CustomBuild>
    <CustomBuild Include="include\ObservableVariable.h">
      <Filter>Include</Filter>
    </CustomBuild>
  </ItemGroup>
  <ItemGroup>
    <None Include="Resources\glsl\sky.frag">
      <Filter>glsl</Filter>
    </None>
    <None Include="Resources\glsl\sky.vert">
      <Filter>glsl</Filter>
    </None>
  </ItemGroup>
  <ItemGroup>
    <ResourceCompile Include="CaveSegmentationGUICore.rc" />
  </ItemGroup>
</Project>