<?xml version="1.0" encoding="utf-8"?>
<Project ToolsVersion="4.0" xmlns="http://schemas.microsoft.com/developer/msbuild/2003">
  <ItemGroup>
    <Filter Include="Source Files">
      <UniqueIdentifier>{4FC737F1-C7A5-4376-A066-2A32D752A2FF}</UniqueIdentifier>
      <Extensions>cpp;c;cc;cxx;def;odl;idl;hpj;bat;asm;asmx</Extensions>
    </Filter>
    <Filter Include="Header Files">
      <UniqueIdentifier>{93995380-89BD-4b04-88EB-625FBE52EBFB}</UniqueIdentifier>
      <Extensions>h;hh;hpp;hxx;hm;inl;inc;xsd</Extensions>
    </Filter>
    <Filter Include="Header Files\ChamberAnalyzation">
      <UniqueIdentifier>{a2e0dd26-e515-415e-9a6a-bb94a5cc5272}</UniqueIdentifier>
    </Filter>
    <Filter Include="Source Files\ChamberAnalyzation">
      <UniqueIdentifier>{589dac67-cafe-400c-9362-89b44ffe76e7}</UniqueIdentifier>
    </Filter>
  </ItemGroup>
  <ItemGroup>
    <ClInclude Include="include_internal\CGALCommon.h">
      <Filter>Header Files</Filter>
    </ClInclude>
    <ClInclude Include="include_internal\GraphProc.h">
      <Filter>Header Files</Filter>
    </ClInclude>
    <ClInclude Include="include_internal\ImageProc.h">
      <Filter>Header Files</Filter>
    </ClInclude>
    <ClInclude Include="include_internal\LineProc.h">
      <Filter>Header Files</Filter>
    </ClInclude>
    <ClInclude Include="include_internal\MeshProc.h">
      <Filter>Header Files</Filter>
    </ClInclude>
    <ClInclude Include="include_internal\Options.h">
      <Filter>Header Files</Filter>
    </ClInclude>
    <ClInclude Include="include_internal\RegularUniformSphereSampling.h">
      <Filter>Header Files</Filter>
    </ClInclude>
    <ClInclude Include="include_internal\SignedUnionFind.h">
      <Filter>Header Files</Filter>
    </ClInclude>
    <ClInclude Include="include_internal\SizeCalculation.h">
      <Filter>Header Files</Filter>
    </ClInclude>
    <ClInclude Include="include_internal\SphereVisualizer.h">
      <Filter>Header Files</Filter>
    </ClInclude>
    <ClInclude Include="include\IHasBoundingBox.h">
      <Filter>Header Files</Filter>
    </ClInclude>
    <ClInclude Include="include\CaveSegmentationLib.h">
      <Filter>Header Files</Filter>
    </ClInclude>
    <ClInclude Include="include\ICaveData.h">
      <Filter>Header Files</Filter>
    </ClInclude>
    <ClInclude Include="include_internal\CaveData.h">
      <Filter>Header Files</Filter>
    </ClInclude>
    <ClInclude Include="include\ChamberAnalyzation\SizeBasedQPBO.h">
      <Filter>Header Files\ChamberAnalyzation</Filter>
    </ClInclude>
    <ClInclude Include="include\ChamberAnalyzation\Utils.h">
      <Filter>Header Files\ChamberAnalyzation</Filter>
    </ClInclude>
    <ClInclude Include="include\ChamberAnalyzation\CurvatureBasedAStar.h">
      <Filter>Header Files\ChamberAnalyzation</Filter>
    </ClInclude>
    <ClInclude Include="include\ChamberAnalyzation\CurvatureBasedQPBO.h">
      <Filter>Header Files\ChamberAnalyzation</Filter>
    </ClInclude>
    <ClInclude Include="include\ChamberAnalyzation\MaximumDescent.h">
      <Filter>Header Files\ChamberAnalyzation</Filter>
    </ClInclude>
    <ClInclude Include="include\FileInputOutput.h">
      <Filter>Header Files</Filter>
    </ClInclude>
    <ClInclude Include="include\IGraph.h">
      <Filter>Header Files</Filter>
    </ClInclude>
    <ClInclude Include="include_internal\CaveDataAccessors.h">
      <Filter>Header Files</Filter>
    </ClInclude>
    <ClInclude Include="include\IndexedTriangle.h">
      <Filter>Header Files</Filter>
    </ClInclude>
    <ClInclude Include="include\IMesh.h">
      <Filter>Header Files</Filter>
    </ClInclude>
    <ClInclude Include="include\ChamberAnalyzation\energies.h">
      <Filter>Header Files\ChamberAnalyzation</Filter>
    </ClInclude>
    <ClInclude Include="include_internal\BoundingBoxAccumulator.h">
      <Filter>Header Files</Filter>
    </ClInclude>
  </ItemGroup>
  <ItemGroup>
    <ClCompile Include="src\RegularUniformSphereSampling.cpp">
      <Filter>Source Files</Filter>
    </ClCompile>
    <ClCompile Include="src\SphereVisualizer.cpp">
      <Filter>Source Files</Filter>
    </ClCompile>
    <ClCompile Include="src\GraphProc.cpp">
      <Filter>Source Files</Filter>
    </ClCompile>
    <ClCompile Include="src\ImageProc.cpp">
      <Filter>Source Files</Filter>
    </ClCompile>
    <ClCompile Include="src\CaveData.cpp">
      <Filter>Source Files</Filter>
    </ClCompile>
    <ClCompile Include="src\FileInputOutput.cpp">
      <Filter>Source Files</Filter>
    </ClCompile>
    <ClCompile Include="src\MeshProc.cpp">
      <Filter>Source Files</Filter>
    </ClCompile>
    <ClCompile Include="src\ChamberAnalyzation\Utils.cpp">
      <Filter>Source Files\ChamberAnalyzation</Filter>
    </ClCompile>
    <ClCompile Include="src\ICaveData.cpp">
      <Filter>Source Files</Filter>
    </ClCompile>
    <ClCompile Include="src\ChamberAnalyzation\CurvatureBasedAStar.cpp">
      <Filter>Source Files\ChamberAnalyzation</Filter>
    </ClCompile>
    <ClCompile Include="src\ChamberAnalyzation\CurvatureBasedQPBO.cpp">
      <Filter>Source Files\ChamberAnalyzation</Filter>
    </ClCompile>
    <ClCompile Include="src\ChamberAnalyzation\energies.cpp">
      <Filter>Source Files\ChamberAnalyzation</Filter>
    </ClCompile>
    <ClCompile Include="src\ChamberAnalyzation\MaximumDescent.cpp">
      <Filter>Source Files\ChamberAnalyzation</Filter>
    </ClCompile>
    <ClCompile Include="src\ChamberAnalyzation\SizeBasedQPBO.cpp">
      <Filter>Source Files\ChamberAnalyzation</Filter>
    </ClCompile>
    <ClCompile Include="src\BoundingBoxAccumulator.cpp">
      <Filter>Source Files</Filter>
    </ClCompile>
  </ItemGroup>
</Project>