<?xml version="1.0" encoding="utf-8"?>
<Project ToolsVersion="4.0" xmlns="http://schemas.microsoft.com/developer/msbuild/2003">
  <ItemGroup>
    <Filter Include="Source Files">
      <UniqueIdentifier>{4FC737F1-C7A5-4376-A066-2A32D752A2FF}</UniqueIdentifier>
      <Extensions>cpp;c;cc;cxx;def;odl;idl;hpj;bat;asm;asmx</Extensions>
    </Filter>
    <Filter Include="Header Files">
      <UniqueIdentifier>{93995380-89BD-4b04-88EB-625FBE52EBFB}</UniqueIdentifier>
      <Extensions>h;hh;hpp;hxx;hm;inl;inc;xsd</Extensions>
    </Filter>
    <Filter Include="Resource Files">
      <UniqueIdentifier>{67DA6AB6-F800-4c08-8B7A-83BB121AAD01}</UniqueIdentifier>
      <Extensions>rc;ico;cur;bmp;dlg;rc2;rct;bin;rgs;gif;jpg;jpeg;jpe;resx;tiff;tif;png;wav;mfcribbon-ms</Extensions>
    </Filter>
    <Filter Include="Header Files\ChamberAnalyzation">
      <UniqueIdentifier>{a2e0dd26-e515-415e-9a6a-bb94a5cc5272}</UniqueIdentifier>
    </Filter>
    <Filter Include="Source Files\ChamberAnalyzation">
      <UniqueIdentifier>{589dac67-cafe-400c-9362-89b44ffe76e7}</UniqueIdentifier>
    </Filter>
  </ItemGroup>
  <ItemGroup>
    <ClInclude Include="include\CaveData.h">
      <Filter>Header Files</Filter>
    </ClInclude>
    <ClInclude Include="include\CGALCommon.h">
      <Filter>Header Files</Filter>
    </ClInclude>
    <ClInclude Include="include\FileInputOutput.h">
      <Filter>Header Files</Filter>
    </ClInclude>
    <ClInclude Include="include\GraphProc.h">
      <Filter>Header Files</Filter>
    </ClInclude>
    <ClInclude Include="include\ImageProc.h">
      <Filter>Header Files</Filter>
    </ClInclude>
    <ClInclude Include="include\LineProc.h">
      <Filter>Header Files</Filter>
    </ClInclude>
    <ClInclude Include="include\MeshProc.h">
      <Filter>Header Files</Filter>
    </ClInclude>
    <ClInclude Include="include\Options.h">
      <Filter>Header Files</Filter>
    </ClInclude>
    <ClInclude Include="include\RegularUniformSphereSampling.h">
      <Filter>Header Files</Filter>
    </ClInclude>
    <ClInclude Include="include\SignedUnionFind.h">
      <Filter>Header Files</Filter>
    </ClInclude>
    <ClInclude Include="include\SizeCalculation.h">
      <Filter>Header Files</Filter>
    </ClInclude>
    <ClInclude Include="include\SphereVisualizer.h">
      <Filter>Header Files</Filter>
    </ClInclude>
    <ClInclude Include="include\ChamberAnalyzation\energies.h">
      <Filter>Header Files\ChamberAnalyzation</Filter>
    </ClInclude>
    <ClInclude Include="include\ChamberAnalyzation\MaximumDescent.h">
      <Filter>Header Files\ChamberAnalyzation</Filter>
    </ClInclude>
    <ClInclude Include="include\ChamberAnalyzation\SizeBasedQPBO.h">
      <Filter>Header Files\ChamberAnalyzation</Filter>
    </ClInclude>
    <ClInclude Include="include\ChamberAnalyzation\CurvatureBasedAStar.h">
      <Filter>Header Files\ChamberAnalyzation</Filter>
    </ClInclude>
    <ClInclude Include="include\ChamberAnalyzation\CurvatureBasedQPBO.h">
      <Filter>Header Files\ChamberAnalyzation</Filter>
    </ClInclude>
    <ClInclude Include="include\ChamberAnalyzation\Utils.h">
      <Filter>Header Files\ChamberAnalyzation</Filter>
    </ClInclude>
    <ClInclude Include="include\IHasBoundingBox.h">
      <Filter>Header Files</Filter>
    </ClInclude>
  </ItemGroup>
  <ItemGroup>
    <ClCompile Include="src\RegularUniformSphereSampling.cpp">
      <Filter>Source Files</Filter>
    </ClCompile>
    <ClCompile Include="src\SphereVisualizer.cpp">
      <Filter>Source Files</Filter>
    </ClCompile>
    <ClCompile Include="src\GraphProc.cpp">
      <Filter>Source Files</Filter>
    </ClCompile>
    <ClCompile Include="src\ImageProc.cpp">
      <Filter>Source Files</Filter>
    </ClCompile>
    <ClCompile Include="src\CaveData.cpp">
      <Filter>Source Files</Filter>
    </ClCompile>
    <ClCompile Include="src\FileInputOutput.cpp">
      <Filter>Source Files</Filter>
    </ClCompile>
    <ClCompile Include="src\MeshProc.cpp">
      <Filter>Source Files</Filter>
    </ClCompile>
    <ClCompile Include="src\ChamberAnalyzation\Utils.cpp">
      <Filter>Source Files\ChamberAnalyzation</Filter>
    </ClCompile>
    <ClCompile Include="include\ChamberAnalyzation\energies.cpp">
      <Filter>Source Files\ChamberAnalyzation</Filter>
    </ClCompile>
    <ClCompile Include="src\IHasBoundingBox.cpp">
      <Filter>Source Files</Filter>
    </ClCompile>
  </ItemGroup>
</Project>